// !$*UTF8*$!
{
	archiveVersion = 1;
	classes = {
	};
	objectVersion = 51;
	objects = {

/* Begin PBXBuildFile section */
		6A88CFDFECCF0E3E867B7345 /* Pods_Lesson2_UIScrollView.framework in Frameworks */ = {isa = PBXBuildFile; fileRef = 7225A2632D90CDE801736CD0 /* Pods_Lesson2_UIScrollView.framework */; };
		84D8901E25921877003953F1 /* AppDelegate.swift in Sources */ = {isa = PBXBuildFile; fileRef = 84D8901D25921877003953F1 /* AppDelegate.swift */; };
		84D8902025921877003953F1 /* SceneDelegate.swift in Sources */ = {isa = PBXBuildFile; fileRef = 84D8901F25921877003953F1 /* SceneDelegate.swift */; };
		84D8902225921877003953F1 /* ViewController.swift in Sources */ = {isa = PBXBuildFile; fileRef = 84D8902125921877003953F1 /* ViewController.swift */; };
		84D8902525921877003953F1 /* Main.storyboard in Resources */ = {isa = PBXBuildFile; fileRef = 84D8902325921877003953F1 /* Main.storyboard */; };
		84D8902725921877003953F1 /* Assets.xcassets in Resources */ = {isa = PBXBuildFile; fileRef = 84D8902625921877003953F1 /* Assets.xcassets */; };
		84D8902A25921877003953F1 /* LaunchScreen.storyboard in Resources */ = {isa = PBXBuildFile; fileRef = 84D8902825921877003953F1 /* LaunchScreen.storyboard */; };
		84D8903325921AAD003953F1 /* ScrollViewWithStackViewController.swift in Sources */ = {isa = PBXBuildFile; fileRef = 84D8903225921AAD003953F1 /* ScrollViewWithStackViewController.swift */; };
		84F9FA9C25921D72007F37D7 /* PhotoGalleryPageViewController.swift in Sources */ = {isa = PBXBuildFile; fileRef = 84F9FA9B25921D72007F37D7 /* PhotoGalleryPageViewController.swift */; };
		84F9FA9F259220B0007F37D7 /* DemoTableViewController.swift in Sources */ = {isa = PBXBuildFile; fileRef = 84F9FA9E259220B0007F37D7 /* DemoTableViewController.swift */; };
		84F9FAA225922330007F37D7 /* DemoTableViewCell.swift in Sources */ = {isa = PBXBuildFile; fileRef = 84F9FAA125922330007F37D7 /* DemoTableViewCell.swift */; };
		84F9FAA525922726007F37D7 /* FirstSectionHeaderView.swift in Sources */ = {isa = PBXBuildFile; fileRef = 84F9FAA425922726007F37D7 /* FirstSectionHeaderView.swift */; };
		84F9FAA825922940007F37D7 /* DemoCollectionViewController.swift in Sources */ = {isa = PBXBuildFile; fileRef = 84F9FAA725922940007F37D7 /* DemoCollectionViewController.swift */; };
/* End PBXBuildFile section */

/* Begin PBXFileReference section */
		13897C806823F0E0F1D6ED09 /* Pods-Lesson2-UIScrollView.release.xcconfig */ = {isa = PBXFileReference; includeInIndex = 1; lastKnownFileType = text.xcconfig; name = "Pods-Lesson2-UIScrollView.release.xcconfig"; path = "Target Support Files/Pods-Lesson2-UIScrollView/Pods-Lesson2-UIScrollView.release.xcconfig"; sourceTree = "<group>"; };
		7225A2632D90CDE801736CD0 /* Pods_Lesson2_UIScrollView.framework */ = {isa = PBXFileReference; explicitFileType = wrapper.framework; includeInIndex = 0; path = Pods_Lesson2_UIScrollView.framework; sourceTree = BUILT_PRODUCTS_DIR; };
		84D8901A25921877003953F1 /* Lesson2-UIScrollView.app */ = {isa = PBXFileReference; explicitFileType = wrapper.application; includeInIndex = 0; path = "Lesson2-UIScrollView.app"; sourceTree = BUILT_PRODUCTS_DIR; };
		84D8901D25921877003953F1 /* AppDelegate.swift */ = {isa = PBXFileReference; lastKnownFileType = sourcecode.swift; path = AppDelegate.swift; sourceTree = "<group>"; };
		84D8901F25921877003953F1 /* SceneDelegate.swift */ = {isa = PBXFileReference; lastKnownFileType = sourcecode.swift; path = SceneDelegate.swift; sourceTree = "<group>"; };
		84D8902125921877003953F1 /* ViewController.swift */ = {isa = PBXFileReference; lastKnownFileType = sourcecode.swift; path = ViewController.swift; sourceTree = "<group>"; };
		84D8902425921877003953F1 /* Base */ = {isa = PBXFileReference; lastKnownFileType = file.storyboard; name = Base; path = Base.lproj/Main.storyboard; sourceTree = "<group>"; };
		84D8902625921877003953F1 /* Assets.xcassets */ = {isa = PBXFileReference; lastKnownFileType = folder.assetcatalog; path = Assets.xcassets; sourceTree = "<group>"; };
		84D8902925921877003953F1 /* Base */ = {isa = PBXFileReference; lastKnownFileType = file.storyboard; name = Base; path = Base.lproj/LaunchScreen.storyboard; sourceTree = "<group>"; };
		84D8902B25921877003953F1 /* Info.plist */ = {isa = PBXFileReference; lastKnownFileType = text.plist.xml; path = Info.plist; sourceTree = "<group>"; };
		84D8903225921AAD003953F1 /* ScrollViewWithStackViewController.swift */ = {isa = PBXFileReference; lastKnownFileType = sourcecode.swift; path = ScrollViewWithStackViewController.swift; sourceTree = "<group>"; };
		84F9FA9B25921D72007F37D7 /* PhotoGalleryPageViewController.swift */ = {isa = PBXFileReference; lastKnownFileType = sourcecode.swift; path = PhotoGalleryPageViewController.swift; sourceTree = "<group>"; };
		84F9FA9E259220B0007F37D7 /* DemoTableViewController.swift */ = {isa = PBXFileReference; lastKnownFileType = sourcecode.swift; path = DemoTableViewController.swift; sourceTree = "<group>"; };
		84F9FAA125922330007F37D7 /* DemoTableViewCell.swift */ = {isa = PBXFileReference; lastKnownFileType = sourcecode.swift; path = DemoTableViewCell.swift; sourceTree = "<group>"; };
		84F9FAA425922726007F37D7 /* FirstSectionHeaderView.swift */ = {isa = PBXFileReference; lastKnownFileType = sourcecode.swift; path = FirstSectionHeaderView.swift; sourceTree = "<group>"; };
		84F9FAA725922940007F37D7 /* DemoCollectionViewController.swift */ = {isa = PBXFileReference; lastKnownFileType = sourcecode.swift; path = DemoCollectionViewController.swift; sourceTree = "<group>"; };
		FBFE522938872C6FCEF778A0 /* Pods-Lesson2-UIScrollView.debug.xcconfig */ = {isa = PBXFileReference; includeInIndex = 1; lastKnownFileType = text.xcconfig; name = "Pods-Lesson2-UIScrollView.debug.xcconfig"; path = "Target Support Files/Pods-Lesson2-UIScrollView/Pods-Lesson2-UIScrollView.debug.xcconfig"; sourceTree = "<group>"; };
/* End PBXFileReference section */

/* Begin PBXFrameworksBuildPhase section */
		84D8901725921877003953F1 /* Frameworks */ = {
			isa = PBXFrameworksBuildPhase;
			buildActionMask = 2147483647;
			files = (
				6A88CFDFECCF0E3E867B7345 /* Pods_Lesson2_UIScrollView.framework in Frameworks */,
			);
			runOnlyForDeploymentPostprocessing = 0;
		};
/* End PBXFrameworksBuildPhase section */

/* Begin PBXGroup section */
		08D103E72A6C91CD17386481 /* Frameworks */ = {
			isa = PBXGroup;
			children = (
				7225A2632D90CDE801736CD0 /* Pods_Lesson2_UIScrollView.framework */,
			);
			name = Frameworks;
			sourceTree = "<group>";
		};
		84D8901125921877003953F1 = {
			isa = PBXGroup;
			children = (
				84D8901C25921877003953F1 /* Lesson2-UIScrollView */,
				84D8901B25921877003953F1 /* Products */,
				A93EE44624B32D91F80BF1DF /* Pods */,
				08D103E72A6C91CD17386481 /* Frameworks */,
			);
			sourceTree = "<group>";
		};
		84D8901B25921877003953F1 /* Products */ = {
			isa = PBXGroup;
			children = (
				84D8901A25921877003953F1 /* Lesson2-UIScrollView.app */,
			);
			name = Products;
			sourceTree = "<group>";
		};
		84D8901C25921877003953F1 /* Lesson2-UIScrollView */ = {
			isa = PBXGroup;
			children = (
				84D8901D25921877003953F1 /* AppDelegate.swift */,
				84D8901F25921877003953F1 /* SceneDelegate.swift */,
				84D8902125921877003953F1 /* ViewController.swift */,
				84D8902325921877003953F1 /* Main.storyboard */,
				84D8902625921877003953F1 /* Assets.xcassets */,
				84D8902825921877003953F1 /* LaunchScreen.storyboard */,
				84D8902B25921877003953F1 /* Info.plist */,
				84D8903225921AAD003953F1 /* ScrollViewWithStackViewController.swift */,
				84F9FA9B25921D72007F37D7 /* PhotoGalleryPageViewController.swift */,
				84F9FA9E259220B0007F37D7 /* DemoTableViewController.swift */,
				84F9FAA125922330007F37D7 /* DemoTableViewCell.swift */,
				84F9FAA425922726007F37D7 /* FirstSectionHeaderView.swift */,
				84F9FAA725922940007F37D7 /* DemoCollectionViewController.swift */,
			);
			path = "Lesson2-UIScrollView";
			sourceTree = "<group>";
		};
		A93EE44624B32D91F80BF1DF /* Pods */ = {
			isa = PBXGroup;
			children = (
				FBFE522938872C6FCEF778A0 /* Pods-Lesson2-UIScrollView.debug.xcconfig */,
				13897C806823F0E0F1D6ED09 /* Pods-Lesson2-UIScrollView.release.xcconfig */,
			);
			path = Pods;
			sourceTree = "<group>";
		};
/* End PBXGroup section */

/* Begin PBXNativeTarget section */
		84D8901925921877003953F1 /* Lesson2-UIScrollView */ = {
			isa = PBXNativeTarget;
			buildConfigurationList = 84D8902E25921877003953F1 /* Build configuration list for PBXNativeTarget "Lesson2-UIScrollView" */;
			buildPhases = (
				63C9E9915FF3E05FF9C58C92 /* [CP] Check Pods Manifest.lock */,
				84D8901625921877003953F1 /* Sources */,
				84D8901725921877003953F1 /* Frameworks */,
				84D8901825921877003953F1 /* Resources */,
				62D137B4BD5CC79F1E089599 /* [CP] Embed Pods Frameworks */,
			);
			buildRules = (
			);
			dependencies = (
			);
			name = "Lesson2-UIScrollView";
			productName = "Lesson2-UIScrollView";
			productReference = 84D8901A25921877003953F1 /* Lesson2-UIScrollView.app */;
			productType = "com.apple.product-type.application";
		};
/* End PBXNativeTarget section */

/* Begin PBXProject section */
		84D8901225921877003953F1 /* Project object */ = {
			isa = PBXProject;
			attributes = {
				LastSwiftUpdateCheck = 1220;
				LastUpgradeCheck = 1220;
				TargetAttributes = {
					84D8901925921877003953F1 = {
						CreatedOnToolsVersion = 12.2;
					};
				};
			};
			buildConfigurationList = 84D8901525921877003953F1 /* Build configuration list for PBXProject "Lesson2-UIScrollView" */;
			compatibilityVersion = "Xcode 9.3";
			developmentRegion = en;
			hasScannedForEncodings = 0;
			knownRegions = (
				en,
				Base,
			);
			mainGroup = 84D8901125921877003953F1;
			productRefGroup = 84D8901B25921877003953F1 /* Products */;
			projectDirPath = "";
			projectRoot = "";
			targets = (
				84D8901925921877003953F1 /* Lesson2-UIScrollView */,
			);
		};
/* End PBXProject section */

/* Begin PBXResourcesBuildPhase section */
		84D8901825921877003953F1 /* Resources */ = {
			isa = PBXResourcesBuildPhase;
			buildActionMask = 2147483647;
			files = (
				84D8902A25921877003953F1 /* LaunchScreen.storyboard in Resources */,
				84D8902725921877003953F1 /* Assets.xcassets in Resources */,
				84D8902525921877003953F1 /* Main.storyboard in Resources */,
			);
			runOnlyForDeploymentPostprocessing = 0;
		};
/* End PBXResourcesBuildPhase section */

/* Begin PBXShellScriptBuildPhase section */
		62D137B4BD5CC79F1E089599 /* [CP] Embed Pods Frameworks */ = {
			isa = PBXShellScriptBuildPhase;
			buildActionMask = 2147483647;
			files = (
			);
			inputFileListPaths = (
				"${PODS_ROOT}/Target Support Files/Pods-Lesson2-UIScrollView/Pods-Lesson2-UIScrollView-frameworks-${CONFIGURATION}-input-files.xcfilelist",
			);
			name = "[CP] Embed Pods Frameworks";
			outputFileListPaths = (
				"${PODS_ROOT}/Target Support Files/Pods-Lesson2-UIScrollView/Pods-Lesson2-UIScrollView-frameworks-${CONFIGURATION}-output-files.xcfilelist",
			);
			runOnlyForDeploymentPostprocessing = 0;
			shellPath = /bin/sh;
			shellScript = "\"${PODS_ROOT}/Target Support Files/Pods-Lesson2-UIScrollView/Pods-Lesson2-UIScrollView-frameworks.sh\"\n";
			showEnvVarsInLog = 0;
		};
		63C9E9915FF3E05FF9C58C92 /* [CP] Check Pods Manifest.lock */ = {
			isa = PBXShellScriptBuildPhase;
			buildActionMask = 2147483647;
			files = (
			);
			inputFileListPaths = (
			);
			inputPaths = (
				"${PODS_PODFILE_DIR_PATH}/Podfile.lock",
				"${PODS_ROOT}/Manifest.lock",
			);
			name = "[CP] Check Pods Manifest.lock";
			outputFileListPaths = (
			);
			outputPaths = (
				"$(DERIVED_FILE_DIR)/Pods-Lesson2-UIScrollView-checkManifestLockResult.txt",
			);
			runOnlyForDeploymentPostprocessing = 0;
			shellPath = /bin/sh;
			shellScript = "diff \"${PODS_PODFILE_DIR_PATH}/Podfile.lock\" \"${PODS_ROOT}/Manifest.lock\" > /dev/null\nif [ $? != 0 ] ; then\n    # print error to STDERR\n    echo \"error: The sandbox is not in sync with the Podfile.lock. Run 'pod install' or update your CocoaPods installation.\" >&2\n    exit 1\nfi\n# This output is used by Xcode 'outputs' to avoid re-running this script phase.\necho \"SUCCESS\" > \"${SCRIPT_OUTPUT_FILE_0}\"\n";
			showEnvVarsInLog = 0;
		};
/* End PBXShellScriptBuildPhase section */

/* Begin PBXSourcesBuildPhase section */
		84D8901625921877003953F1 /* Sources */ = {
			isa = PBXSourcesBuildPhase;
			buildActionMask = 2147483647;
			files = (
				84F9FAA525922726007F37D7 /* FirstSectionHeaderView.swift in Sources */,
				84F9FAA225922330007F37D7 /* DemoTableViewCell.swift in Sources */,
				84F9FA9C25921D72007F37D7 /* PhotoGalleryPageViewController.swift in Sources */,
				84D8902225921877003953F1 /* ViewController.swift in Sources */,
				84F9FA9F259220B0007F37D7 /* DemoTableViewController.swift in Sources */,
				84F9FAA825922940007F37D7 /* DemoCollectionViewController.swift in Sources */,
				84D8903325921AAD003953F1 /* ScrollViewWithStackViewController.swift in Sources */,
				84D8901E25921877003953F1 /* AppDelegate.swift in Sources */,
				84D8902025921877003953F1 /* SceneDelegate.swift in Sources */,
			);
			runOnlyForDeploymentPostprocessing = 0;
		};
/* End PBXSourcesBuildPhase section */

/* Begin PBXVariantGroup section */
		84D8902325921877003953F1 /* Main.storyboard */ = {
			isa = PBXVariantGroup;
			children = (
				84D8902425921877003953F1 /* Base */,
			);
			name = Main.storyboard;
			sourceTree = "<group>";
		};
		84D8902825921877003953F1 /* LaunchScreen.storyboard */ = {
			isa = PBXVariantGroup;
			children = (
				84D8902925921877003953F1 /* Base */,
			);
			name = LaunchScreen.storyboard;
			sourceTree = "<group>";
		};
/* End PBXVariantGroup section */

/* Begin XCBuildConfiguration section */
		84D8902C25921877003953F1 /* Debug */ = {
			isa = XCBuildConfiguration;
			buildSettings = {
				ALWAYS_SEARCH_USER_PATHS = NO;
				CLANG_ANALYZER_NONNULL = YES;
				CLANG_ANALYZER_NUMBER_OBJECT_CONVERSION = YES_AGGRESSIVE;
				CLANG_CXX_LANGUAGE_STANDARD = "gnu++14";
				CLANG_CXX_LIBRARY = "libc++";
				CLANG_ENABLE_MODULES = YES;
				CLANG_ENABLE_OBJC_ARC = YES;
				CLANG_ENABLE_OBJC_WEAK = YES;
				CLANG_WARN_BLOCK_CAPTURE_AUTORELEASING = YES;
				CLANG_WARN_BOOL_CONVERSION = YES;
				CLANG_WARN_COMMA = YES;
				CLANG_WARN_CONSTANT_CONVERSION = YES;
				CLANG_WARN_DEPRECATED_OBJC_IMPLEMENTATIONS = YES;
				CLANG_WARN_DIRECT_OBJC_ISA_USAGE = YES_ERROR;
				CLANG_WARN_DOCUMENTATION_COMMENTS = YES;
				CLANG_WARN_EMPTY_BODY = YES;
				CLANG_WARN_ENUM_CONVERSION = YES;
				CLANG_WARN_INFINITE_RECURSION = YES;
				CLANG_WARN_INT_CONVERSION = YES;
				CLANG_WARN_NON_LITERAL_NULL_CONVERSION = YES;
				CLANG_WARN_OBJC_IMPLICIT_RETAIN_SELF = YES;
				CLANG_WARN_OBJC_LITERAL_CONVERSION = YES;
				CLANG_WARN_OBJC_ROOT_CLASS = YES_ERROR;
				CLANG_WARN_QUOTED_INCLUDE_IN_FRAMEWORK_HEADER = YES;
				CLANG_WARN_RANGE_LOOP_ANALYSIS = YES;
				CLANG_WARN_STRICT_PROTOTYPES = YES;
				CLANG_WARN_SUSPICIOUS_MOVE = YES;
				CLANG_WARN_UNGUARDED_AVAILABILITY = YES_AGGRESSIVE;
				CLANG_WARN_UNREACHABLE_CODE = YES;
				CLANG_WARN__DUPLICATE_METHOD_MATCH = YES;
				COPY_PHASE_STRIP = NO;
				DEBUG_INFORMATION_FORMAT = dwarf;
				ENABLE_STRICT_OBJC_MSGSEND = YES;
				ENABLE_TESTABILITY = YES;
				GCC_C_LANGUAGE_STANDARD = gnu11;
				GCC_DYNAMIC_NO_PIC = NO;
				GCC_NO_COMMON_BLOCKS = YES;
				GCC_OPTIMIZATION_LEVEL = 0;
				GCC_PREPROCESSOR_DEFINITIONS = (
					"DEBUG=1",
					"$(inherited)",
				);
				GCC_WARN_64_TO_32_BIT_CONVERSION = YES;
				GCC_WARN_ABOUT_RETURN_TYPE = YES_ERROR;
				GCC_WARN_UNDECLARED_SELECTOR = YES;
				GCC_WARN_UNINITIALIZED_AUTOS = YES_AGGRESSIVE;
				GCC_WARN_UNUSED_FUNCTION = YES;
				GCC_WARN_UNUSED_VARIABLE = YES;
				IPHONEOS_DEPLOYMENT_TARGET = 14.2;
				MTL_ENABLE_DEBUG_INFO = INCLUDE_SOURCE;
				MTL_FAST_MATH = YES;
				ONLY_ACTIVE_ARCH = YES;
				SDKROOT = iphoneos;
				SWIFT_ACTIVE_COMPILATION_CONDITIONS = DEBUG;
				SWIFT_OPTIMIZATION_LEVEL = "-Onone";
			};
			name = Debug;
		};
		84D8902D25921877003953F1 /* Release */ = {
			isa = XCBuildConfiguration;
			buildSettings = {
				ALWAYS_SEARCH_USER_PATHS = NO;
				CLANG_ANALYZER_NONNULL = YES;
				CLANG_ANALYZER_NUMBER_OBJECT_CONVERSION = YES_AGGRESSIVE;
				CLANG_CXX_LANGUAGE_STANDARD = "gnu++14";
				CLANG_CXX_LIBRARY = "libc++";
				CLANG_ENABLE_MODULES = YES;
				CLANG_ENABLE_OBJC_ARC = YES;
				CLANG_ENABLE_OBJC_WEAK = YES;
				CLANG_WARN_BLOCK_CAPTURE_AUTORELEASING = YES;
				CLANG_WARN_BOOL_CONVERSION = YES;
				CLANG_WARN_COMMA = YES;
				CLANG_WARN_CONSTANT_CONVERSION = YES;
				CLANG_WARN_DEPRECATED_OBJC_IMPLEMENTATIONS = YES;
				CLANG_WARN_DIRECT_OBJC_ISA_USAGE = YES_ERROR;
				CLANG_WARN_DOCUMENTATION_COMMENTS = YES;
				CLANG_WARN_EMPTY_BODY = YES;
				CLANG_WARN_ENUM_CONVERSION = YES;
				CLANG_WARN_INFINITE_RECURSION = YES;
				CLANG_WARN_INT_CONVERSION = YES;
				CLANG_WARN_NON_LITERAL_NULL_CONVERSION = YES;
				CLANG_WARN_OBJC_IMPLICIT_RETAIN_SELF = YES;
				CLANG_WARN_OBJC_LITERAL_CONVERSION = YES;
				CLANG_WARN_OBJC_ROOT_CLASS = YES_ERROR;
				CLANG_WARN_QUOTED_INCLUDE_IN_FRAMEWORK_HEADER = YES;
				CLANG_WARN_RANGE_LOOP_ANALYSIS = YES;
				CLANG_WARN_STRICT_PROTOTYPES = YES;
				CLANG_WARN_SUSPICIOUS_MOVE = YES;
				CLANG_WARN_UNGUARDED_AVAILABILITY = YES_AGGRESSIVE;
				CLANG_WARN_UNREACHABLE_CODE = YES;
				CLANG_WARN__DUPLICATE_METHOD_MATCH = YES;
				COPY_PHASE_STRIP = NO;
				DEBUG_INFORMATION_FORMAT = "dwarf-with-dsym";
				ENABLE_NS_ASSERTIONS = NO;
				ENABLE_STRICT_OBJC_MSGSEND = YES;
				GCC_C_LANGUAGE_STANDARD = gnu11;
				GCC_NO_COMMON_BLOCKS = YES;
				GCC_WARN_64_TO_32_BIT_CONVERSION = YES;
				GCC_WARN_ABOUT_RETURN_TYPE = YES_ERROR;
				GCC_WARN_UNDECLARED_SELECTOR = YES;
				GCC_WARN_UNINITIALIZED_AUTOS = YES_AGGRESSIVE;
				GCC_WARN_UNUSED_FUNCTION = YES;
				GCC_WARN_UNUSED_VARIABLE = YES;
				IPHONEOS_DEPLOYMENT_TARGET = 14.2;
				MTL_ENABLE_DEBUG_INFO = NO;
				MTL_FAST_MATH = YES;
				SDKROOT = iphoneos;
				SWIFT_COMPILATION_MODE = wholemodule;
				SWIFT_OPTIMIZATION_LEVEL = "-O";
				VALIDATE_PRODUCT = YES;
			};
			name = Release;
		};
		84D8902F25921877003953F1 /* Debug */ = {
			isa = XCBuildConfiguration;
			baseConfigurationReference = FBFE522938872C6FCEF778A0 /* Pods-Lesson2-UIScrollView.debug.xcconfig */;
			buildSettings = {
				ASSETCATALOG_COMPILER_APPICON_NAME = AppIcon;
				ASSETCATALOG_COMPILER_GLOBAL_ACCENT_COLOR_NAME = AccentColor;
				CODE_SIGN_STYLE = Automatic;
				INFOPLIST_FILE = "Lesson2-UIScrollView/Info.plist";
				LD_RUNPATH_SEARCH_PATHS = (
					"$(inherited)",
					"@executable_path/Frameworks",
				);
				PRODUCT_BUNDLE_IDENTIFIER = "OneLab.Lesson2-UIScrollView";
				PRODUCT_NAME = "$(TARGET_NAME)";
				SWIFT_VERSION = 5.0;
				TARGETED_DEVICE_FAMILY = "1,2";
			};
			name = Debug;
		};
		84D8903025921877003953F1 /* Release */ = {
			isa = XCBuildConfiguration;
			baseConfigurationReference = 13897C806823F0E0F1D6ED09 /* Pods-Lesson2-UIScrollView.release.xcconfig */;
			buildSettings = {
				ASSETCATALOG_COMPILER_APPICON_NAME = AppIcon;
				ASSETCATALOG_COMPILER_GLOBAL_ACCENT_COLOR_NAME = AccentColor;
				CODE_SIGN_STYLE = Automatic;
				INFOPLIST_FILE = "Lesson2-UIScrollView/Info.plist";
				LD_RUNPATH_SEARCH_PATHS = (
					"$(inherited)",
					"@executable_path/Frameworks",
				);
				PRODUCT_BUNDLE_IDENTIFIER = "OneLab.Lesson2-UIScrollView";
				PRODUCT_NAME = "$(TARGET_NAME)";
				SWIFT_VERSION = 5.0;
				TARGETED_DEVICE_FAMILY = "1,2";
			};
			name = Release;
		};
/* End XCBuildConfiguration section */

/* Begin XCConfigurationList section */
		84D8901525921877003953F1 /* Build configuration list for PBXProject "Lesson2-UIScrollView" */ = {
			isa = XCConfigurationList;
			buildConfigurations = (
				84D8902C25921877003953F1 /* Debug */,
				84D8902D25921877003953F1 /* Release */,
			);
			defaultConfigurationIsVisible = 0;
			defaultConfigurationName = Release;
		};
		84D8902E25921877003953F1 /* Build configuration list for PBXNativeTarget "Lesson2-UIScrollView" */ = {
			isa = XCConfigurationList;
			buildConfigurations = (
				84D8902F25921877003953F1 /* Debug */,
				84D8903025921877003953F1 /* Release */,
			);
			defaultConfigurationIsVisible = 0;
			defaultConfigurationName = Release;
		};
/* End XCConfigurationList section */
	};
	rootObject = 84D8901225921877003953F1 /* Project object */;
}
